
Microsoft Visual Studio Solution File, Format Version 12.00
# Visual Studio 15
VisualStudioVersion = 15.0.28307.1169
MinimumVisualStudioVersion = 10.0.40219.1
Project("{FAE04EC0-301F-11D3-BF4B-00C04F79EFBC}") = "PersonalSiteMVC", "PersonalSiteMVC\PersonalSiteMVC.csproj", "{36FDF2F9-9C4B-430D-8267-08FA86C9E32D}"
EndProject
Global
	GlobalSection(SolutionConfigurationPlatforms) = preSolution
		Debug|Any CPU = Debug|Any CPU
		Release|Any CPU = Release|Any CPU
	EndGlobalSection
	GlobalSection(ProjectConfigurationPlatforms) = postSolution
		{36FDF2F9-9C4B-430D-8267-08FA86C9E32D}.Debug|Any CPU.ActiveCfg = Debug|Any CPU
		{36FDF2F9-9C4B-430D-8267-08FA86C9E32D}.Debug|Any CPU.Build.0 = Debug|Any CPU
		{36FDF2F9-9C4B-430D-8267-08FA86C9E32D}.Release|Any CPU.ActiveCfg = Release|Any CPU
		{36FDF2F9-9C4B-430D-8267-08FA86C9E32D}.Release|Any CPU.Build.0 = Release|Any CPU
	EndGlobalSection
	GlobalSection(SolutionProperties) = preSolution
		HideSolutionNode = FALSE
	EndGlobalSection
	GlobalSection(ExtensibilityGlobals) = postSolution
		SolutionGuid = {AC968EF2-63D3-47D1-99B7-FBF8C46AB857}
	EndGlobalSection
EndGlobal
